{
	"name": "diff-calculator",
	"version": "0.0.0",
	"lockfileVersion": 1,
	"requires": true,
	"dependencies": {
		"@types/diff": {
			"version": "4.0.1",
			"resolved": "https://registry.npmjs.org/@types/diff/-/diff-4.0.1.tgz",
			"integrity": "sha512-BFob98KGKIqjcJjbmO/g+daJinDOtSUs27e0NTirODSUHYhUUAVXmq/nKIrmRFsOHrOWj5mncvByrzyw1X1PNQ==",
			"dev": true
		},
		"diff": {
			"version": "4.0.1",
			"resolved": "https://registry.npmjs.org/diff/-/diff-4.0.1.tgz",
			"integrity": "sha512-s2+XdvhPCOF01LRQBC8hf4vhbVmI2CGS5aZnxLJlT5FtdhPCDFq80q++zK2KlrVorVDdL5BOGZ/VfLrVtYNF+Q=="
		}
	}
}
